
Microsoft Visual Studio Solution File, Format Version 12.00
# Visual Studio Version 16
VisualStudioVersion = 16.0.30320.27
MinimumVisualStudioVersion = 10.0.40219.1
Project("{FAE04EC0-301F-11D3-BF4B-00C04F79EFBC}") = "oci_1", "oci_1\oci_1.csproj", "{24C5256F-77BE-4749-BC78-AD86D58C8BA9}"
EndProject
Global
	GlobalSection(SolutionConfigurationPlatforms) = preSolution
		Debug|Any CPU = Debug|Any CPU
		Release|Any CPU = Release|Any CPU
	EndGlobalSection
	GlobalSection(ProjectConfigurationPlatforms) = postSolution
		{24C5256F-77BE-4749-BC78-AD86D58C8BA9}.Debug|Any CPU.ActiveCfg = Debug|Any CPU
		{24C5256F-77BE-4749-BC78-AD86D58C8BA9}.Debug|Any CPU.Build.0 = Debug|Any CPU
		{24C5256F-77BE-4749-BC78-AD86D58C8BA9}.Release|Any CPU.ActiveCfg = Release|Any CPU
		{24C5256F-77BE-4749-BC78-AD86D58C8BA9}.Release|Any CPU.Build.0 = Release|Any CPU
	EndGlobalSection
	GlobalSection(SolutionProperties) = preSolution
		HideSolutionNode = FALSE
	EndGlobalSection
	GlobalSection(ExtensibilityGlobals) = postSolution
		SolutionGuid = {F22DB343-0A84-4016-9C1C-781F9277C1BA}
	EndGlobalSection
EndGlobal
